
Microsoft Visual Studio Solution File, Format Version 12.00
# Visual Studio Version 17
VisualStudioVersion = 17.12.35707.178
MinimumVisualStudioVersion = 10.0.40219.1
Project("{2150E333-8FDC-42A3-9474-1A3956D46DE8}") = "Lesson_02", "Lesson_02", "{31BF94FB-F5A7-402D-88B2-C8D34B01CFD7}"
EndProject
Project("{2150E333-8FDC-42A3-9474-1A3956D46DE8}") = "Lesson_03", "Lesson_03", "{03812B5B-14F9-41BB-92B2-3A134E3AEA06}"
EndProject
Project("{2150E333-8FDC-42A3-9474-1A3956D46DE8}") = "Lesson_04", "Lesson_04", "{098120C9-8121-4C04-87FD-EDF98EE68D2E}"
EndProject
Project("{FAE04EC0-301F-11D3-BF4B-00C04F79EFBC}") = "Task_02_02", "Task_02_02\Task_02_02.csproj", "{B871D627-50C4-4114-B7DC-FD01A9D1A5AD}"
EndProject
Project("{FAE04EC0-301F-11D3-BF4B-00C04F79EFBC}") = "Task_02_ 04", "Task_02_ 04\Task_02_ 04.csproj", "{E44B3106-93FD-4DBA-9341-43C0C070D3F8}"
EndProject
Project("{FAE04EC0-301F-11D3-BF4B-00C04F79EFBC}") = "Task_03_05", "Task_03_05\Task_03_05.csproj", "{8EE20FB9-06DB-41FF-AA80-8E29B23819E7}"
EndProject
Project("{FAE04EC0-301F-11D3-BF4B-00C04F79EFBC}") = "Task_03_ 04", "Task_03_ 04\Task_03_ 04.csproj", "{D1C80757-6E0F-4B09-B357-A7A84B22CF2C}"
EndProject
Project("{FAE04EC0-301F-11D3-BF4B-00C04F79EFBC}") = "Task_03_06", "Task_03_06\Task_03_06.csproj", "{D59DC5AF-8459-4C60-9F4B-5D736E45AAF7}"
EndProject
Project("{FAE04EC0-301F-11D3-BF4B-00C04F79EFBC}") = "Task_03_ 07", "Task_03_ 07\Task_03_ 07.csproj", "{EC2345B2-374C-45EE-B571-FA6635DED256}"
EndProject
Project("{FAE04EC0-301F-11D3-BF4B-00C04F79EFBC}") = "Task_03_ 09", "Task_03_ 09\Task_03_ 09.csproj", "{B39AEEEF-0B6A-4A55-A35A-4DCC3DD4AB2B}"
EndProject
Project("{FAE04EC0-301F-11D3-BF4B-00C04F79EFBC}") = "Task_04_05", "Task_04_05\Task_04_05.csproj", "{F15F5AAB-E7A4-4664-8934-EC35D402CEDC}"
EndProject
Project("{FAE04EC0-301F-11D3-BF4B-00C04F79EFBC}") = "Task_04_ 06", "Task_04_ 06\Task_04_ 06.csproj", "{7CE178BB-6141-4EA8-8B3B-DDCBE797751C}"
EndProject
Project("{FAE04EC0-301F-11D3-BF4B-00C04F79EFBC}") = "Task_04_ 07", "Task_04_ 07\Task_04_ 07.csproj", "{06A76358-3D9B-4680-92C4-516B06B3496B}"
EndProject
Global
	GlobalSection(SolutionConfigurationPlatforms) = preSolution
		Debug|Any CPU = Debug|Any CPU
		Release|Any CPU = Release|Any CPU
	EndGlobalSection
	GlobalSection(ProjectConfigurationPlatforms) = postSolution
		{B871D627-50C4-4114-B7DC-FD01A9D1A5AD}.Debug|Any CPU.ActiveCfg = Debug|Any CPU
		{B871D627-50C4-4114-B7DC-FD01A9D1A5AD}.Debug|Any CPU.Build.0 = Debug|Any CPU
		{B871D627-50C4-4114-B7DC-FD01A9D1A5AD}.Release|Any CPU.ActiveCfg = Release|Any CPU
		{B871D627-50C4-4114-B7DC-FD01A9D1A5AD}.Release|Any CPU.Build.0 = Release|Any CPU
		{E44B3106-93FD-4DBA-9341-43C0C070D3F8}.Debug|Any CPU.ActiveCfg = Debug|Any CPU
		{E44B3106-93FD-4DBA-9341-43C0C070D3F8}.Debug|Any CPU.Build.0 = Debug|Any CPU
		{E44B3106-93FD-4DBA-9341-43C0C070D3F8}.Release|Any CPU.ActiveCfg = Release|Any CPU
		{E44B3106-93FD-4DBA-9341-43C0C070D3F8}.Release|Any CPU.Build.0 = Release|Any CPU
		{8EE20FB9-06DB-41FF-AA80-8E29B23819E7}.Debug|Any CPU.ActiveCfg = Debug|Any CPU
		{8EE20FB9-06DB-41FF-AA80-8E29B23819E7}.Debug|Any CPU.Build.0 = Debug|Any CPU
		{8EE20FB9-06DB-41FF-AA80-8E29B23819E7}.Release|Any CPU.ActiveCfg = Release|Any CPU
		{8EE20FB9-06DB-41FF-AA80-8E29B23819E7}.Release|Any CPU.Build.0 = Release|Any CPU
		{D1C80757-6E0F-4B09-B357-A7A84B22CF2C}.Debug|Any CPU.ActiveCfg = Debug|Any CPU
		{D1C80757-6E0F-4B09-B357-A7A84B22CF2C}.Debug|Any CPU.Build.0 = Debug|Any CPU
		{D1C80757-6E0F-4B09-B357-A7A84B22CF2C}.Release|Any CPU.ActiveCfg = Release|Any CPU
		{D1C80757-6E0F-4B09-B357-A7A84B22CF2C}.Release|Any CPU.Build.0 = Release|Any CPU
		{D59DC5AF-8459-4C60-9F4B-5D736E45AAF7}.Debug|Any CPU.ActiveCfg = Debug|Any CPU
		{D59DC5AF-8459-4C60-9F4B-5D736E45AAF7}.Debug|Any CPU.Build.0 = Debug|Any CPU
		{D59DC5AF-8459-4C60-9F4B-5D736E45AAF7}.Release|Any CPU.ActiveCfg = Release|Any CPU
		{D59DC5AF-8459-4C60-9F4B-5D736E45AAF7}.Release|Any CPU.Build.0 = Release|Any CPU
		{EC2345B2-374C-45EE-B571-FA6635DED256}.Debug|Any CPU.ActiveCfg = Debug|Any CPU
		{EC2345B2-374C-45EE-B571-FA6635DED256}.Debug|Any CPU.Build.0 = Debug|Any CPU
		{EC2345B2-374C-45EE-B571-FA6635DED256}.Release|Any CPU.ActiveCfg = Release|Any CPU
		{EC2345B2-374C-45EE-B571-FA6635DED256}.Release|Any CPU.Build.0 = Release|Any CPU
		{B39AEEEF-0B6A-4A55-A35A-4DCC3DD4AB2B}.Debug|Any CPU.ActiveCfg = Debug|Any CPU
		{B39AEEEF-0B6A-4A55-A35A-4DCC3DD4AB2B}.Debug|Any CPU.Build.0 = Debug|Any CPU
		{B39AEEEF-0B6A-4A55-A35A-4DCC3DD4AB2B}.Release|Any CPU.ActiveCfg = Release|Any CPU
		{B39AEEEF-0B6A-4A55-A35A-4DCC3DD4AB2B}.Release|Any CPU.Build.0 = Release|Any CPU
		{F15F5AAB-E7A4-4664-8934-EC35D402CEDC}.Debug|Any CPU.ActiveCfg = Debug|Any CPU
		{F15F5AAB-E7A4-4664-8934-EC35D402CEDC}.Debug|Any CPU.Build.0 = Debug|Any CPU
		{F15F5AAB-E7A4-4664-8934-EC35D402CEDC}.Release|Any CPU.ActiveCfg = Release|Any CPU
		{F15F5AAB-E7A4-4664-8934-EC35D402CEDC}.Release|Any CPU.Build.0 = Release|Any CPU
		{7CE178BB-6141-4EA8-8B3B-DDCBE797751C}.Debug|Any CPU.ActiveCfg = Debug|Any CPU
		{7CE178BB-6141-4EA8-8B3B-DDCBE797751C}.Debug|Any CPU.Build.0 = Debug|Any CPU
		{7CE178BB-6141-4EA8-8B3B-DDCBE797751C}.Release|Any CPU.ActiveCfg = Release|Any CPU
		{7CE178BB-6141-4EA8-8B3B-DDCBE797751C}.Release|Any CPU.Build.0 = Release|Any CPU
		{06A76358-3D9B-4680-92C4-516B06B3496B}.Debug|Any CPU.ActiveCfg = Debug|Any CPU
		{06A76358-3D9B-4680-92C4-516B06B3496B}.Debug|Any CPU.Build.0 = Debug|Any CPU
		{06A76358-3D9B-4680-92C4-516B06B3496B}.Release|Any CPU.ActiveCfg = Release|Any CPU
		{06A76358-3D9B-4680-92C4-516B06B3496B}.Release|Any CPU.Build.0 = Release|Any CPU
	EndGlobalSection
	GlobalSection(SolutionProperties) = preSolution
		HideSolutionNode = FALSE
	EndGlobalSection
	GlobalSection(NestedProjects) = preSolution
		{B871D627-50C4-4114-B7DC-FD01A9D1A5AD} = {31BF94FB-F5A7-402D-88B2-C8D34B01CFD7}
		{E44B3106-93FD-4DBA-9341-43C0C070D3F8} = {31BF94FB-F5A7-402D-88B2-C8D34B01CFD7}
		{8EE20FB9-06DB-41FF-AA80-8E29B23819E7} = {03812B5B-14F9-41BB-92B2-3A134E3AEA06}
		{D1C80757-6E0F-4B09-B357-A7A84B22CF2C} = {03812B5B-14F9-41BB-92B2-3A134E3AEA06}
		{D59DC5AF-8459-4C60-9F4B-5D736E45AAF7} = {03812B5B-14F9-41BB-92B2-3A134E3AEA06}
		{EC2345B2-374C-45EE-B571-FA6635DED256} = {03812B5B-14F9-41BB-92B2-3A134E3AEA06}
		{B39AEEEF-0B6A-4A55-A35A-4DCC3DD4AB2B} = {03812B5B-14F9-41BB-92B2-3A134E3AEA06}
		{F15F5AAB-E7A4-4664-8934-EC35D402CEDC} = {098120C9-8121-4C04-87FD-EDF98EE68D2E}
		{7CE178BB-6141-4EA8-8B3B-DDCBE797751C} = {098120C9-8121-4C04-87FD-EDF98EE68D2E}
		{06A76358-3D9B-4680-92C4-516B06B3496B} = {098120C9-8121-4C04-87FD-EDF98EE68D2E}
	EndGlobalSection
EndGlobal
