
Microsoft Visual Studio Solution File, Format Version 12.00
# Visual Studio Version 17
VisualStudioVersion = 17.12.35707.178
MinimumVisualStudioVersion = 10.0.40219.1
Project("{2150E333-8FDC-42A3-9474-1A3956D46DE8}") = "Lesson_02", "Lesson_02", "{31BF94FB-F5A7-402D-88B2-C8D34B01CFD7}"
EndProject
Project("{2150E333-8FDC-42A3-9474-1A3956D46DE8}") = "Lesson_03", "Lesson_03", "{03812B5B-14F9-41BB-92B2-3A134E3AEA06}"
EndProject
Project("{2150E333-8FDC-42A3-9474-1A3956D46DE8}") = "Lesson_04", "Lesson_04", "{098120C9-8121-4C04-87FD-EDF98EE68D2E}"
EndProject
Project("{FAE04EC0-301F-11D3-BF4B-00C04F79EFBC}") = "Task_02_02", "Task_02_02\Task_02_02.csproj", "{AF2DE9E2-E68C-4285-A2D6-00861F5E5E75}"
EndProject
Project("{FAE04EC0-301F-11D3-BF4B-00C04F79EFBC}") = "Task_02_04", "Task_02_04\Task_02_04.csproj", "{CE319D35-4637-42A1-BE93-032B398B081E}"
EndProject
Project("{FAE04EC0-301F-11D3-BF4B-00C04F79EFBC}") = "Task_03_04", "Task_03_04\Task_03_04.csproj", "{123F6EEA-FCD3-492F-964C-76F5A16CE628}"
EndProject
Project("{FAE04EC0-301F-11D3-BF4B-00C04F79EFBC}") = "Task_03_05", "Task_03_05\Task_03_05.csproj", "{C7A41299-C43B-41A3-B22B-47725F3A4488}"
EndProject
Project("{FAE04EC0-301F-11D3-BF4B-00C04F79EFBC}") = "Task_03_06", "Task_03_06\Task_03_06.csproj", "{3B0FC92B-9A40-4EF1-8608-056B4F998A7A}"
EndProject
Project("{FAE04EC0-301F-11D3-BF4B-00C04F79EFBC}") = "Task_03_07", "Task_03_07\Task_03_07.csproj", "{3957419E-702B-4689-A770-98A067AE03C8}"
EndProject
Project("{FAE04EC0-301F-11D3-BF4B-00C04F79EFBC}") = "Task_03_08", "Task_03_08\Task_03_08.csproj", "{6A471E3D-4C60-45BB-9DA0-DA494667E390}"
EndProject
Project("{FAE04EC0-301F-11D3-BF4B-00C04F79EFBC}") = "Task_03_09", "Task_03_09\Task_03_09.csproj", "{E4D9B5A3-401E-4DB7-A906-8D027B67E340}"
EndProject
Global
	GlobalSection(SolutionConfigurationPlatforms) = preSolution
		Debug|Any CPU = Debug|Any CPU
		Release|Any CPU = Release|Any CPU
	EndGlobalSection
	GlobalSection(ProjectConfigurationPlatforms) = postSolution
		{AF2DE9E2-E68C-4285-A2D6-00861F5E5E75}.Debug|Any CPU.ActiveCfg = Debug|Any CPU
		{AF2DE9E2-E68C-4285-A2D6-00861F5E5E75}.Debug|Any CPU.Build.0 = Debug|Any CPU
		{AF2DE9E2-E68C-4285-A2D6-00861F5E5E75}.Release|Any CPU.ActiveCfg = Release|Any CPU
		{AF2DE9E2-E68C-4285-A2D6-00861F5E5E75}.Release|Any CPU.Build.0 = Release|Any CPU
		{CE319D35-4637-42A1-BE93-032B398B081E}.Debug|Any CPU.ActiveCfg = Debug|Any CPU
		{CE319D35-4637-42A1-BE93-032B398B081E}.Debug|Any CPU.Build.0 = Debug|Any CPU
		{CE319D35-4637-42A1-BE93-032B398B081E}.Release|Any CPU.ActiveCfg = Release|Any CPU
		{CE319D35-4637-42A1-BE93-032B398B081E}.Release|Any CPU.Build.0 = Release|Any CPU
		{123F6EEA-FCD3-492F-964C-76F5A16CE628}.Debug|Any CPU.ActiveCfg = Debug|Any CPU
		{123F6EEA-FCD3-492F-964C-76F5A16CE628}.Debug|Any CPU.Build.0 = Debug|Any CPU
		{123F6EEA-FCD3-492F-964C-76F5A16CE628}.Release|Any CPU.ActiveCfg = Release|Any CPU
		{123F6EEA-FCD3-492F-964C-76F5A16CE628}.Release|Any CPU.Build.0 = Release|Any CPU
		{C7A41299-C43B-41A3-B22B-47725F3A4488}.Debug|Any CPU.ActiveCfg = Debug|Any CPU
		{C7A41299-C43B-41A3-B22B-47725F3A4488}.Debug|Any CPU.Build.0 = Debug|Any CPU
		{C7A41299-C43B-41A3-B22B-47725F3A4488}.Release|Any CPU.ActiveCfg = Release|Any CPU
		{C7A41299-C43B-41A3-B22B-47725F3A4488}.Release|Any CPU.Build.0 = Release|Any CPU
		{3B0FC92B-9A40-4EF1-8608-056B4F998A7A}.Debug|Any CPU.ActiveCfg = Debug|Any CPU
		{3B0FC92B-9A40-4EF1-8608-056B4F998A7A}.Debug|Any CPU.Build.0 = Debug|Any CPU
		{3B0FC92B-9A40-4EF1-8608-056B4F998A7A}.Release|Any CPU.ActiveCfg = Release|Any CPU
		{3B0FC92B-9A40-4EF1-8608-056B4F998A7A}.Release|Any CPU.Build.0 = Release|Any CPU
		{3957419E-702B-4689-A770-98A067AE03C8}.Debug|Any CPU.ActiveCfg = Debug|Any CPU
		{3957419E-702B-4689-A770-98A067AE03C8}.Debug|Any CPU.Build.0 = Debug|Any CPU
		{3957419E-702B-4689-A770-98A067AE03C8}.Release|Any CPU.ActiveCfg = Release|Any CPU
		{3957419E-702B-4689-A770-98A067AE03C8}.Release|Any CPU.Build.0 = Release|Any CPU
		{6A471E3D-4C60-45BB-9DA0-DA494667E390}.Debug|Any CPU.ActiveCfg = Debug|Any CPU
		{6A471E3D-4C60-45BB-9DA0-DA494667E390}.Debug|Any CPU.Build.0 = Debug|Any CPU
		{6A471E3D-4C60-45BB-9DA0-DA494667E390}.Release|Any CPU.ActiveCfg = Release|Any CPU
		{6A471E3D-4C60-45BB-9DA0-DA494667E390}.Release|Any CPU.Build.0 = Release|Any CPU
		{E4D9B5A3-401E-4DB7-A906-8D027B67E340}.Debug|Any CPU.ActiveCfg = Debug|Any CPU
		{E4D9B5A3-401E-4DB7-A906-8D027B67E340}.Debug|Any CPU.Build.0 = Debug|Any CPU
		{E4D9B5A3-401E-4DB7-A906-8D027B67E340}.Release|Any CPU.ActiveCfg = Release|Any CPU
		{E4D9B5A3-401E-4DB7-A906-8D027B67E340}.Release|Any CPU.Build.0 = Release|Any CPU
	EndGlobalSection
	GlobalSection(SolutionProperties) = preSolution
		HideSolutionNode = FALSE
	EndGlobalSection
	GlobalSection(NestedProjects) = preSolution
		{AF2DE9E2-E68C-4285-A2D6-00861F5E5E75} = {31BF94FB-F5A7-402D-88B2-C8D34B01CFD7}
		{CE319D35-4637-42A1-BE93-032B398B081E} = {31BF94FB-F5A7-402D-88B2-C8D34B01CFD7}
		{123F6EEA-FCD3-492F-964C-76F5A16CE628} = {03812B5B-14F9-41BB-92B2-3A134E3AEA06}
		{C7A41299-C43B-41A3-B22B-47725F3A4488} = {03812B5B-14F9-41BB-92B2-3A134E3AEA06}
		{3B0FC92B-9A40-4EF1-8608-056B4F998A7A} = {03812B5B-14F9-41BB-92B2-3A134E3AEA06}
		{3957419E-702B-4689-A770-98A067AE03C8} = {03812B5B-14F9-41BB-92B2-3A134E3AEA06}
		{6A471E3D-4C60-45BB-9DA0-DA494667E390} = {03812B5B-14F9-41BB-92B2-3A134E3AEA06}
		{E4D9B5A3-401E-4DB7-A906-8D027B67E340} = {03812B5B-14F9-41BB-92B2-3A134E3AEA06}
	EndGlobalSection
EndGlobal
